
Microsoft Visual Studio Solution File, Format Version 12.00
# Visual Studio Version 17
VisualStudioVersion = 17.2.32516.85
MinimumVisualStudioVersion = 10.0.40219.1
Project("{FAE04EC0-301F-11D3-BF4B-00C04F79EFBC}") = "ExpressionValidation", "ExpressionValidation.csproj", "{0E823339-8DD5-4A44-83C1-FA218939846D}"
EndProject
Global
	GlobalSection(SolutionConfigurationPlatforms) = preSolution
		Debug|Any CPU = Debug|Any CPU
		Release|Any CPU = Release|Any CPU
	EndGlobalSection
	GlobalSection(ProjectConfigurationPlatforms) = postSolution
		{0E823339-8DD5-4A44-83C1-FA218939846D}.Debug|Any CPU.ActiveCfg = Debug|Any CPU
		{0E823339-8DD5-4A44-83C1-FA218939846D}.Debug|Any CPU.Build.0 = Debug|Any CPU
		{0E823339-8DD5-4A44-83C1-FA218939846D}.Release|Any CPU.ActiveCfg = Release|Any CPU
		{0E823339-8DD5-4A44-83C1-FA218939846D}.Release|Any CPU.Build.0 = Release|Any CPU
	EndGlobalSection
	GlobalSection(SolutionProperties) = preSolution
		HideSolutionNode = FALSE
	EndGlobalSection
	GlobalSection(ExtensibilityGlobals) = postSolution
		SolutionGuid = {994E2470-11A7-44A9-949A-50D785E209F3}
	EndGlobalSection
EndGlobal
